<Solution>
  <Project Path="StudioEditor.Adapter.Koikatsu.csproj" />
  <Project Path="Assembly-CSharp-firstpass.csproj" />
  <Project Path="Assembly-CSharp-Editor-firstpass.csproj" />
  <Project Path="StudioEditor.Characters.csproj" />
  <Project Path="StudioEditor.Rendering.csproj" />
  <Project Path="StudioEditor.Runtime.csproj" />
  <Project Path="Assembly-CSharp-Editor.csproj" />
  <Project Path="StudioEditor.Adapter.Pmx.csproj" />
  <Project Path="StudioEditor.Editor.csproj" />
  <Project Path="Assembly-CSharp.csproj" />
  <Project Path="StudioEditor.RenderScheme.DefaultAnime.csproj" />
</Solution>
